// !$*UTF8*$!
{
	archiveVersion = 1;
	classes = {
	};
	objectVersion = 46;
	objects = {

/* Begin PBXBuildFile section */
		0F28F49FEB958B1CC9619381 /* Pods_333.framework in Frameworks */ = {isa = PBXBuildFile; fileRef = B66A31DBCBEDE3A1D13D1625 /* Pods_333.framework */; };
		A503840A1EC0C9DA0069DD8B /* Toaster.swift in Sources */ = {isa = PBXBuildFile; fileRef = A50384091EC0C9DA0069DD8B /* Toaster.swift */; };
		A503840E1EC0D5F40069DD8B /* Location.swift in Sources */ = {isa = PBXBuildFile; fileRef = A503840D1EC0D5F40069DD8B /* Location.swift */; };
		A50384101EC0E4170069DD8B /* Comment.swift in Sources */ = {isa = PBXBuildFile; fileRef = A503840F1EC0E4170069DD8B /* Comment.swift */; };
		A555DC641EABAA76006B9ACE /* Post.swift in Sources */ = {isa = PBXBuildFile; fileRef = A555DC631EABAA76006B9ACE /* Post.swift */; };
		A555DC861EAC0ACD006B9ACE /* Utils.swift in Sources */ = {isa = PBXBuildFile; fileRef = A555DC851EAC0ACD006B9ACE /* Utils.swift */; };
		B14AFB611EA01437007FA50C /* UIColor+Custom.swift in Sources */ = {isa = PBXBuildFile; fileRef = B14AFB601EA01437007FA50C /* UIColor+Custom.swift */; };
		B1599CDE1EC1578500CBC839 /* ImageViewController.swift in Sources */ = {isa = PBXBuildFile; fileRef = B1599CDD1EC1578500CBC839 /* ImageViewController.swift */; };
		B1F7CA1E1E9322F500A015D0 /* ComposeViewController.swift in Sources */ = {isa = PBXBuildFile; fileRef = B1F7CA1D1E9322F500A015D0 /* ComposeViewController.swift */; };
		B1F7CA201E998B5E00A015D0 /* Networking.swift in Sources */ = {isa = PBXBuildFile; fileRef = B1F7CA1F1E998B5E00A015D0 /* Networking.swift */; };
		CC27D3141E97328400589855 /* PostDetailsViewController.swift in Sources */ = {isa = PBXBuildFile; fileRef = CC27D3131E97328400589855 /* PostDetailsViewController.swift */; };
		CC27D3161E973AA300589855 /* ReplyTableViewCell.swift in Sources */ = {isa = PBXBuildFile; fileRef = CC27D3151E973AA300589855 /* ReplyTableViewCell.swift */; };
		CC9DC0B41E9070A6004F4C67 /* AppDelegate.swift in Sources */ = {isa = PBXBuildFile; fileRef = CC9DC0B31E9070A6004F4C67 /* AppDelegate.swift */; };
		CC9DC0B61E9070A6004F4C67 /* ViewController.swift in Sources */ = {isa = PBXBuildFile; fileRef = CC9DC0B51E9070A6004F4C67 /* ViewController.swift */; };
		CC9DC0B91E9070A6004F4C67 /* Main.storyboard in Resources */ = {isa = PBXBuildFile; fileRef = CC9DC0B71E9070A6004F4C67 /* Main.storyboard */; };
		CC9DC0BB1E9070A6004F4C67 /* Assets.xcassets in Resources */ = {isa = PBXBuildFile; fileRef = CC9DC0BA1E9070A6004F4C67 /* Assets.xcassets */; };
		CC9DC0BE1E9070A6004F4C67 /* LaunchScreen.storyboard in Resources */ = {isa = PBXBuildFile; fileRef = CC9DC0BC1E9070A6004F4C67 /* LaunchScreen.storyboard */; };
		CC9DC0C91E9070A6004F4C67 /* _33Tests.swift in Sources */ = {isa = PBXBuildFile; fileRef = CC9DC0C81E9070A6004F4C67 /* _33Tests.swift */; };
		CC9DC0D41E9070A6004F4C67 /* _33UITests.swift in Sources */ = {isa = PBXBuildFile; fileRef = CC9DC0D31E9070A6004F4C67 /* _33UITests.swift */; };
		CC9DC0E31E9176BD004F4C67 /* FeedViewController.swift in Sources */ = {isa = PBXBuildFile; fileRef = CC9DC0E21E9176BD004F4C67 /* FeedViewController.swift */; };
		CC9DC0E81E917B7D004F4C67 /* PostTableViewCell.swift in Sources */ = {isa = PBXBuildFile; fileRef = CC9DC0E71E917B7D004F4C67 /* PostTableViewCell.swift */; };
		F4A8F57C1EC221C800FC1E8C /* Account.swift in Sources */ = {isa = PBXBuildFile; fileRef = F4A8F57B1EC221C800FC1E8C /* Account.swift */; };
/* End PBXBuildFile section */

/* Begin PBXContainerItemProxy section */
		CC9DC0C51E9070A6004F4C67 /* PBXContainerItemProxy */ = {
			isa = PBXContainerItemProxy;
			containerPortal = CC9DC0A81E9070A5004F4C67 /* Project object */;
			proxyType = 1;
			remoteGlobalIDString = CC9DC0AF1E9070A5004F4C67;
			remoteInfo = 333;
		};
		CC9DC0D01E9070A6004F4C67 /* PBXContainerItemProxy */ = {
			isa = PBXContainerItemProxy;
			containerPortal = CC9DC0A81E9070A5004F4C67 /* Project object */;
			proxyType = 1;
			remoteGlobalIDString = CC9DC0AF1E9070A5004F4C67;
			remoteInfo = 333;
		};
/* End PBXContainerItemProxy section */

/* Begin PBXFileReference section */
		51E920D75C1F74E45C358EBD /* Pods-333.debug.xcconfig */ = {isa = PBXFileReference; includeInIndex = 1; lastKnownFileType = text.xcconfig; name = "Pods-333.debug.xcconfig"; path = "Pods/Target Support Files/Pods-333/Pods-333.debug.xcconfig"; sourceTree = "<group>"; };
		97BD0530C8A8A0035013F033 /* Pods-333.release.xcconfig */ = {isa = PBXFileReference; includeInIndex = 1; lastKnownFileType = text.xcconfig; name = "Pods-333.release.xcconfig"; path = "Pods/Target Support Files/Pods-333/Pods-333.release.xcconfig"; sourceTree = "<group>"; };
		A50384091EC0C9DA0069DD8B /* Toaster.swift */ = {isa = PBXFileReference; fileEncoding = 4; lastKnownFileType = sourcecode.swift; path = Toaster.swift; sourceTree = "<group>"; };
		A503840D1EC0D5F40069DD8B /* Location.swift */ = {isa = PBXFileReference; fileEncoding = 4; lastKnownFileType = sourcecode.swift; path = Location.swift; sourceTree = "<group>"; };
		A503840F1EC0E4170069DD8B /* Comment.swift */ = {isa = PBXFileReference; fileEncoding = 4; lastKnownFileType = sourcecode.swift; path = Comment.swift; sourceTree = "<group>"; };
		A555DC631EABAA76006B9ACE /* Post.swift */ = {isa = PBXFileReference; fileEncoding = 4; lastKnownFileType = sourcecode.swift; path = Post.swift; sourceTree = "<group>"; };
		A555DC851EAC0ACD006B9ACE /* Utils.swift */ = {isa = PBXFileReference; fileEncoding = 4; lastKnownFileType = sourcecode.swift; path = Utils.swift; sourceTree = "<group>"; };
		B14AFB601EA01437007FA50C /* UIColor+Custom.swift */ = {isa = PBXFileReference; fileEncoding = 4; lastKnownFileType = sourcecode.swift; path = "UIColor+Custom.swift"; sourceTree = "<group>"; };
		B1599CDD1EC1578500CBC839 /* ImageViewController.swift */ = {isa = PBXFileReference; fileEncoding = 4; lastKnownFileType = sourcecode.swift; path = ImageViewController.swift; sourceTree = "<group>"; };
		B1F7CA1D1E9322F500A015D0 /* ComposeViewController.swift */ = {isa = PBXFileReference; fileEncoding = 4; lastKnownFileType = sourcecode.swift; path = ComposeViewController.swift; sourceTree = "<group>"; };
		B1F7CA1F1E998B5E00A015D0 /* Networking.swift */ = {isa = PBXFileReference; fileEncoding = 4; lastKnownFileType = sourcecode.swift; path = Networking.swift; sourceTree = "<group>"; };
		B66A31DBCBEDE3A1D13D1625 /* Pods_333.framework */ = {isa = PBXFileReference; explicitFileType = wrapper.framework; includeInIndex = 0; path = Pods_333.framework; sourceTree = BUILT_PRODUCTS_DIR; };
		CC27D3131E97328400589855 /* PostDetailsViewController.swift */ = {isa = PBXFileReference; fileEncoding = 4; lastKnownFileType = sourcecode.swift; path = PostDetailsViewController.swift; sourceTree = "<group>"; };
		CC27D3151E973AA300589855 /* ReplyTableViewCell.swift */ = {isa = PBXFileReference; fileEncoding = 4; lastKnownFileType = sourcecode.swift; path = ReplyTableViewCell.swift; sourceTree = "<group>"; };
		CC9DC0B01E9070A6004F4C67 /* 333.app */ = {isa = PBXFileReference; explicitFileType = wrapper.application; includeInIndex = 0; path = 333.app; sourceTree = BUILT_PRODUCTS_DIR; };
		CC9DC0B31E9070A6004F4C67 /* AppDelegate.swift */ = {isa = PBXFileReference; lastKnownFileType = sourcecode.swift; path = AppDelegate.swift; sourceTree = "<group>"; };
		CC9DC0B51E9070A6004F4C67 /* ViewController.swift */ = {isa = PBXFileReference; lastKnownFileType = sourcecode.swift; path = ViewController.swift; sourceTree = "<group>"; };
		CC9DC0B81E9070A6004F4C67 /* Base */ = {isa = PBXFileReference; lastKnownFileType = file.storyboard; name = Base; path = Base.lproj/Main.storyboard; sourceTree = "<group>"; };
		CC9DC0BA1E9070A6004F4C67 /* Assets.xcassets */ = {isa = PBXFileReference; lastKnownFileType = folder.assetcatalog; path = Assets.xcassets; sourceTree = "<group>"; };
		CC9DC0BD1E9070A6004F4C67 /* Base */ = {isa = PBXFileReference; lastKnownFileType = file.storyboard; name = Base; path = Base.lproj/LaunchScreen.storyboard; sourceTree = "<group>"; };
		CC9DC0BF1E9070A6004F4C67 /* Info.plist */ = {isa = PBXFileReference; lastKnownFileType = text.plist.xml; path = Info.plist; sourceTree = "<group>"; };
		CC9DC0C41E9070A6004F4C67 /* 333Tests.xctest */ = {isa = PBXFileReference; explicitFileType = wrapper.cfbundle; includeInIndex = 0; path = 333Tests.xctest; sourceTree = BUILT_PRODUCTS_DIR; };
		CC9DC0C81E9070A6004F4C67 /* _33Tests.swift */ = {isa = PBXFileReference; lastKnownFileType = sourcecode.swift; path = _33Tests.swift; sourceTree = "<group>"; };
		CC9DC0CA1E9070A6004F4C67 /* Info.plist */ = {isa = PBXFileReference; lastKnownFileType = text.plist.xml; path = Info.plist; sourceTree = "<group>"; };
		CC9DC0CF1E9070A6004F4C67 /* 333UITests.xctest */ = {isa = PBXFileReference; explicitFileType = wrapper.cfbundle; includeInIndex = 0; path = 333UITests.xctest; sourceTree = BUILT_PRODUCTS_DIR; };
		CC9DC0D31E9070A6004F4C67 /* _33UITests.swift */ = {isa = PBXFileReference; lastKnownFileType = sourcecode.swift; path = _33UITests.swift; sourceTree = "<group>"; };
		CC9DC0D51E9070A6004F4C67 /* Info.plist */ = {isa = PBXFileReference; lastKnownFileType = text.plist.xml; path = Info.plist; sourceTree = "<group>"; };
		CC9DC0E21E9176BD004F4C67 /* FeedViewController.swift */ = {isa = PBXFileReference; fileEncoding = 4; lastKnownFileType = sourcecode.swift; path = FeedViewController.swift; sourceTree = "<group>"; };
		CC9DC0E71E917B7D004F4C67 /* PostTableViewCell.swift */ = {isa = PBXFileReference; fileEncoding = 4; lastKnownFileType = sourcecode.swift; path = PostTableViewCell.swift; sourceTree = "<group>"; };
		F4A8F57B1EC221C800FC1E8C /* Account.swift */ = {isa = PBXFileReference; fileEncoding = 4; lastKnownFileType = sourcecode.swift; path = Account.swift; sourceTree = "<group>"; };
/* End PBXFileReference section */

/* Begin PBXFrameworksBuildPhase section */
		CC9DC0AD1E9070A5004F4C67 /* Frameworks */ = {
			isa = PBXFrameworksBuildPhase;
			buildActionMask = 2147483647;
			files = (
				0F28F49FEB958B1CC9619381 /* Pods_333.framework in Frameworks */,
			);
			runOnlyForDeploymentPostprocessing = 0;
		};
		CC9DC0C11E9070A6004F4C67 /* Frameworks */ = {
			isa = PBXFrameworksBuildPhase;
			buildActionMask = 2147483647;
			files = (
			);
			runOnlyForDeploymentPostprocessing = 0;
		};
		CC9DC0CC1E9070A6004F4C67 /* Frameworks */ = {
			isa = PBXFrameworksBuildPhase;
			buildActionMask = 2147483647;
			files = (
			);
			runOnlyForDeploymentPostprocessing = 0;
		};
/* End PBXFrameworksBuildPhase section */

/* Begin PBXGroup section */
		159E08A6F60017D7DDAE79FC /* Pods */ = {
			isa = PBXGroup;
			children = (
				51E920D75C1F74E45C358EBD /* Pods-333.debug.xcconfig */,
				97BD0530C8A8A0035013F033 /* Pods-333.release.xcconfig */,
			);
			name = Pods;
			sourceTree = "<group>";
		};
		25E141B3B849096FF7AE01EB /* Frameworks */ = {
			isa = PBXGroup;
			children = (
				B66A31DBCBEDE3A1D13D1625 /* Pods_333.framework */,
			);
			name = Frameworks;
			sourceTree = "<group>";
		};
		A555DC621EABAA66006B9ACE /* Models */ = {
			isa = PBXGroup;
			children = (
				A503840F1EC0E4170069DD8B /* Comment.swift */,
				A555DC631EABAA76006B9ACE /* Post.swift */,
			);
			name = Models;
			sourceTree = "<group>";
		};
		CC7CE29D1E9C7D2D00C8A68C /* Client */ = {
			isa = PBXGroup;
			children = (
				B1F7CA1F1E998B5E00A015D0 /* Networking.swift */,
			);
			name = Client;
			sourceTree = "<group>";
		};
		CC9DC0A71E9070A5004F4C67 = {
			isa = PBXGroup;
			children = (
				CC9DC0B21E9070A6004F4C67 /* 333 */,
				CC9DC0C71E9070A6004F4C67 /* 333Tests */,
				CC9DC0D21E9070A6004F4C67 /* 333UITests */,
				CC9DC0B11E9070A6004F4C67 /* Products */,
				159E08A6F60017D7DDAE79FC /* Pods */,
				25E141B3B849096FF7AE01EB /* Frameworks */,
			);
			sourceTree = "<group>";
		};
		CC9DC0B11E9070A6004F4C67 /* Products */ = {
			isa = PBXGroup;
			children = (
				CC9DC0B01E9070A6004F4C67 /* 333.app */,
				CC9DC0C41E9070A6004F4C67 /* 333Tests.xctest */,
				CC9DC0CF1E9070A6004F4C67 /* 333UITests.xctest */,
			);
			name = Products;
			sourceTree = "<group>";
		};
		CC9DC0B21E9070A6004F4C67 /* 333 */ = {
			isa = PBXGroup;
			children = (
				A555DC621EABAA66006B9ACE /* Models */,
				CC7CE29D1E9C7D2D00C8A68C /* Client */,
				CC9DC0E61E917B61004F4C67 /* View Controllers */,
				CC9DC0E11E9176A7004F4C67 /* Views */,
				CC9DC0B31E9070A6004F4C67 /* AppDelegate.swift */,
				CC9DC0B51E9070A6004F4C67 /* ViewController.swift */,
				CC9DC0B71E9070A6004F4C67 /* Main.storyboard */,
				B14AFB601EA01437007FA50C /* UIColor+Custom.swift */,
				CC9DC0BA1E9070A6004F4C67 /* Assets.xcassets */,
				CC9DC0BC1E9070A6004F4C67 /* LaunchScreen.storyboard */,
				CC9DC0BF1E9070A6004F4C67 /* Info.plist */,
				A555DC851EAC0ACD006B9ACE /* Utils.swift */,
				A50384091EC0C9DA0069DD8B /* Toaster.swift */,
				A503840D1EC0D5F40069DD8B /* Location.swift */,
				F4A8F57B1EC221C800FC1E8C /* Account.swift */,
			);
			path = 333;
			sourceTree = "<group>";
		};
		CC9DC0C71E9070A6004F4C67 /* 333Tests */ = {
			isa = PBXGroup;
			children = (
				CC9DC0C81E9070A6004F4C67 /* _33Tests.swift */,
				CC9DC0CA1E9070A6004F4C67 /* Info.plist */,
			);
			path = 333Tests;
			sourceTree = "<group>";
		};
		CC9DC0D21E9070A6004F4C67 /* 333UITests */ = {
			isa = PBXGroup;
			children = (
				CC9DC0D31E9070A6004F4C67 /* _33UITests.swift */,
				CC9DC0D51E9070A6004F4C67 /* Info.plist */,
			);
			path = 333UITests;
			sourceTree = "<group>";
		};
		CC9DC0E11E9176A7004F4C67 /* Views */ = {
			isa = PBXGroup;
			children = (
				CC9DC0E71E917B7D004F4C67 /* PostTableViewCell.swift */,
				CC27D3151E973AA300589855 /* ReplyTableViewCell.swift */,
			);
			name = Views;
			sourceTree = "<group>";
		};
		CC9DC0E61E917B61004F4C67 /* View Controllers */ = {
			isa = PBXGroup;
			children = (
				CC9DC0E21E9176BD004F4C67 /* FeedViewController.swift */,
				B1F7CA1D1E9322F500A015D0 /* ComposeViewController.swift */,
				CC27D3131E97328400589855 /* PostDetailsViewController.swift */,
				B1599CDD1EC1578500CBC839 /* ImageViewController.swift */,
			);
			name = "View Controllers";
			sourceTree = "<group>";
		};
/* End PBXGroup section */

/* Begin PBXNativeTarget section */
		CC9DC0AF1E9070A5004F4C67 /* 333 */ = {
			isa = PBXNativeTarget;
			buildConfigurationList = CC9DC0D81E9070A6004F4C67 /* Build configuration list for PBXNativeTarget "333" */;
			buildPhases = (
				63BA81F421A4CFB2D3F56E7B /* [CP] Check Pods Manifest.lock */,
				CC9DC0AC1E9070A5004F4C67 /* Sources */,
				CC9DC0AD1E9070A5004F4C67 /* Frameworks */,
				CC9DC0AE1E9070A5004F4C67 /* Resources */,
				DB4727F50D9FD48EB5F35D08 /* [CP] Embed Pods Frameworks */,
				71164EF31FAEE5471F980A49 /* [CP] Copy Pods Resources */,
			);
			buildRules = (
			);
			dependencies = (
			);
			name = 333;
			productName = 333;
			productReference = CC9DC0B01E9070A6004F4C67 /* 333.app */;
			productType = "com.apple.product-type.application";
		};
		CC9DC0C31E9070A6004F4C67 /* 333Tests */ = {
			isa = PBXNativeTarget;
			buildConfigurationList = CC9DC0DB1E9070A6004F4C67 /* Build configuration list for PBXNativeTarget "333Tests" */;
			buildPhases = (
				CC9DC0C01E9070A6004F4C67 /* Sources */,
				CC9DC0C11E9070A6004F4C67 /* Frameworks */,
				CC9DC0C21E9070A6004F4C67 /* Resources */,
			);
			buildRules = (
			);
			dependencies = (
				CC9DC0C61E9070A6004F4C67 /* PBXTargetDependency */,
			);
			name = 333Tests;
			productName = 333Tests;
			productReference = CC9DC0C41E9070A6004F4C67 /* 333Tests.xctest */;
			productType = "com.apple.product-type.bundle.unit-test";
		};
		CC9DC0CE1E9070A6004F4C67 /* 333UITests */ = {
			isa = PBXNativeTarget;
			buildConfigurationList = CC9DC0DE1E9070A6004F4C67 /* Build configuration list for PBXNativeTarget "333UITests" */;
			buildPhases = (
				CC9DC0CB1E9070A6004F4C67 /* Sources */,
				CC9DC0CC1E9070A6004F4C67 /* Frameworks */,
				CC9DC0CD1E9070A6004F4C67 /* Resources */,
			);
			buildRules = (
			);
			dependencies = (
				CC9DC0D11E9070A6004F4C67 /* PBXTargetDependency */,
			);
			name = 333UITests;
			productName = 333UITests;
			productReference = CC9DC0CF1E9070A6004F4C67 /* 333UITests.xctest */;
			productType = "com.apple.product-type.bundle.ui-testing";
		};
/* End PBXNativeTarget section */

/* Begin PBXProject section */
		CC9DC0A81E9070A5004F4C67 /* Project object */ = {
			isa = PBXProject;
			attributes = {
				LastSwiftUpdateCheck = 0820;
				LastUpgradeCheck = 0820;
				ORGANIZATIONNAME = 333;
				TargetAttributes = {
					CC9DC0AF1E9070A5004F4C67 = {
						CreatedOnToolsVersion = 8.2.1;
						DevelopmentTeam = 5M2895QR7G;
						LastSwiftMigration = 0820;
						ProvisioningStyle = Automatic;
					};
					CC9DC0C31E9070A6004F4C67 = {
						CreatedOnToolsVersion = 8.2.1;
						DevelopmentTeam = D8M8Q37C6Y;
						LastSwiftMigration = 0820;
						ProvisioningStyle = Automatic;
						TestTargetID = CC9DC0AF1E9070A5004F4C67;
					};
					CC9DC0CE1E9070A6004F4C67 = {
						CreatedOnToolsVersion = 8.2.1;
						DevelopmentTeam = D8M8Q37C6Y;
						LastSwiftMigration = 0820;
						ProvisioningStyle = Automatic;
						TestTargetID = CC9DC0AF1E9070A5004F4C67;
					};
				};
			};
			buildConfigurationList = CC9DC0AB1E9070A5004F4C67 /* Build configuration list for PBXProject "333" */;
			compatibilityVersion = "Xcode 3.2";
			developmentRegion = English;
			hasScannedForEncodings = 0;
			knownRegions = (
				en,
				Base,
			);
			mainGroup = CC9DC0A71E9070A5004F4C67;
			productRefGroup = CC9DC0B11E9070A6004F4C67 /* Products */;
			projectDirPath = "";
			projectRoot = "";
			targets = (
				CC9DC0AF1E9070A5004F4C67 /* 333 */,
				CC9DC0C31E9070A6004F4C67 /* 333Tests */,
				CC9DC0CE1E9070A6004F4C67 /* 333UITests */,
			);
		};
/* End PBXProject section */

/* Begin PBXResourcesBuildPhase section */
		CC9DC0AE1E9070A5004F4C67 /* Resources */ = {
			isa = PBXResourcesBuildPhase;
			buildActionMask = 2147483647;
			files = (
				CC9DC0BE1E9070A6004F4C67 /* LaunchScreen.storyboard in Resources */,
				CC9DC0BB1E9070A6004F4C67 /* Assets.xcassets in Resources */,
				CC9DC0B91E9070A6004F4C67 /* Main.storyboard in Resources */,
			);
			runOnlyForDeploymentPostprocessing = 0;
		};
		CC9DC0C21E9070A6004F4C67 /* Resources */ = {
			isa = PBXResourcesBuildPhase;
			buildActionMask = 2147483647;
			files = (
			);
			runOnlyForDeploymentPostprocessing = 0;
		};
		CC9DC0CD1E9070A6004F4C67 /* Resources */ = {
			isa = PBXResourcesBuildPhase;
			buildActionMask = 2147483647;
			files = (
			);
			runOnlyForDeploymentPostprocessing = 0;
		};
/* End PBXResourcesBuildPhase section */

/* Begin PBXShellScriptBuildPhase section */
		63BA81F421A4CFB2D3F56E7B /* [CP] Check Pods Manifest.lock */ = {
			isa = PBXShellScriptBuildPhase;
			buildActionMask = 2147483647;
			files = (
			);
			inputPaths = (
			);
			name = "[CP] Check Pods Manifest.lock";
			outputPaths = (
			);
			runOnlyForDeploymentPostprocessing = 0;
			shellPath = /bin/sh;
			shellScript = "diff \"${PODS_PODFILE_DIR_PATH}/Podfile.lock\" \"${PODS_ROOT}/Manifest.lock\" > /dev/null\nif [ $? != 0 ] ; then\n    # print error to STDERR\n    echo \"error: The sandbox is not in sync with the Podfile.lock. Run 'pod install' or update your CocoaPods installation.\" >&2\n    exit 1\nfi\n";
			showEnvVarsInLog = 0;
		};
		71164EF31FAEE5471F980A49 /* [CP] Copy Pods Resources */ = {
			isa = PBXShellScriptBuildPhase;
			buildActionMask = 2147483647;
			files = (
			);
			inputPaths = (
			);
			name = "[CP] Copy Pods Resources";
			outputPaths = (
			);
			runOnlyForDeploymentPostprocessing = 0;
			shellPath = /bin/sh;
			shellScript = "\"${SRCROOT}/Pods/Target Support Files/Pods-333/Pods-333-resources.sh\"\n";
			showEnvVarsInLog = 0;
		};
		DB4727F50D9FD48EB5F35D08 /* [CP] Embed Pods Frameworks */ = {
			isa = PBXShellScriptBuildPhase;
			buildActionMask = 2147483647;
			files = (
			);
			inputPaths = (
			);
			name = "[CP] Embed Pods Frameworks";
			outputPaths = (
			);
			runOnlyForDeploymentPostprocessing = 0;
			shellPath = /bin/sh;
			shellScript = "\"${SRCROOT}/Pods/Target Support Files/Pods-333/Pods-333-frameworks.sh\"\n";
			showEnvVarsInLog = 0;
		};
/* End PBXShellScriptBuildPhase section */

/* Begin PBXSourcesBuildPhase section */
		CC9DC0AC1E9070A5004F4C67 /* Sources */ = {
			isa = PBXSourcesBuildPhase;
			buildActionMask = 2147483647;
			files = (
				CC9DC0B61E9070A6004F4C67 /* ViewController.swift in Sources */,
				A555DC641EABAA76006B9ACE /* Post.swift in Sources */,
				CC9DC0E31E9176BD004F4C67 /* FeedViewController.swift in Sources */,
				A50384101EC0E4170069DD8B /* Comment.swift in Sources */,
				CC27D3161E973AA300589855 /* ReplyTableViewCell.swift in Sources */,
				F4A8F57C1EC221C800FC1E8C /* Account.swift in Sources */,
				B1F7CA201E998B5E00A015D0 /* Networking.swift in Sources */,
				A555DC861EAC0ACD006B9ACE /* Utils.swift in Sources */,
				B1599CDE1EC1578500CBC839 /* ImageViewController.swift in Sources */,
				A503840E1EC0D5F40069DD8B /* Location.swift in Sources */,
				CC27D3141E97328400589855 /* PostDetailsViewController.swift in Sources */,
				CC9DC0E81E917B7D004F4C67 /* PostTableViewCell.swift in Sources */,
				A503840A1EC0C9DA0069DD8B /* Toaster.swift in Sources */,
				B1F7CA1E1E9322F500A015D0 /* ComposeViewController.swift in Sources */,
				B14AFB611EA01437007FA50C /* UIColor+Custom.swift in Sources */,
				CC9DC0B41E9070A6004F4C67 /* AppDelegate.swift in Sources */,
			);
			runOnlyForDeploymentPostprocessing = 0;
		};
		CC9DC0C01E9070A6004F4C67 /* Sources */ = {
			isa = PBXSourcesBuildPhase;
			buildActionMask = 2147483647;
			files = (
				CC9DC0C91E9070A6004F4C67 /* _33Tests.swift in Sources */,
			);
			runOnlyForDeploymentPostprocessing = 0;
		};
		CC9DC0CB1E9070A6004F4C67 /* Sources */ = {
			isa = PBXSourcesBuildPhase;
			buildActionMask = 2147483647;
			files = (
				CC9DC0D41E9070A6004F4C67 /* _33UITests.swift in Sources */,
			);
			runOnlyForDeploymentPostprocessing = 0;
		};
/* End PBXSourcesBuildPhase section */

/* Begin PBXTargetDependency section */
		CC9DC0C61E9070A6004F4C67 /* PBXTargetDependency */ = {
			isa = PBXTargetDependency;
			target = CC9DC0AF1E9070A5004F4C67 /* 333 */;
			targetProxy = CC9DC0C51E9070A6004F4C67 /* PBXContainerItemProxy */;
		};
		CC9DC0D11E9070A6004F4C67 /* PBXTargetDependency */ = {
			isa = PBXTargetDependency;
			target = CC9DC0AF1E9070A5004F4C67 /* 333 */;
			targetProxy = CC9DC0D01E9070A6004F4C67 /* PBXContainerItemProxy */;
		};
/* End PBXTargetDependency section */

/* Begin PBXVariantGroup section */
		CC9DC0B71E9070A6004F4C67 /* Main.storyboard */ = {
			isa = PBXVariantGroup;
			children = (
				CC9DC0B81E9070A6004F4C67 /* Base */,
			);
			name = Main.storyboard;
			sourceTree = "<group>";
		};
		CC9DC0BC1E9070A6004F4C67 /* LaunchScreen.storyboard */ = {
			isa = PBXVariantGroup;
			children = (
				CC9DC0BD1E9070A6004F4C67 /* Base */,
			);
			name = LaunchScreen.storyboard;
			sourceTree = "<group>";
		};
/* End PBXVariantGroup section */

/* Begin XCBuildConfiguration section */
		CC9DC0D61E9070A6004F4C67 /* Debug */ = {
			isa = XCBuildConfiguration;
			buildSettings = {
				ALWAYS_SEARCH_USER_PATHS = NO;
				CLANG_ANALYZER_NONNULL = YES;
				CLANG_CXX_LANGUAGE_STANDARD = "gnu++0x";
				CLANG_CXX_LIBRARY = "libc++";
				CLANG_ENABLE_MODULES = YES;
				CLANG_ENABLE_OBJC_ARC = YES;
				CLANG_WARN_BOOL_CONVERSION = YES;
				CLANG_WARN_CONSTANT_CONVERSION = YES;
				CLANG_WARN_DIRECT_OBJC_ISA_USAGE = YES_ERROR;
				CLANG_WARN_DOCUMENTATION_COMMENTS = YES;
				CLANG_WARN_EMPTY_BODY = YES;
				CLANG_WARN_ENUM_CONVERSION = YES;
				CLANG_WARN_INFINITE_RECURSION = YES;
				CLANG_WARN_INT_CONVERSION = YES;
				CLANG_WARN_OBJC_ROOT_CLASS = YES_ERROR;
				CLANG_WARN_SUSPICIOUS_MOVE = YES;
				CLANG_WARN_UNREACHABLE_CODE = YES;
				CLANG_WARN__DUPLICATE_METHOD_MATCH = YES;
				"CODE_SIGN_IDENTITY[sdk=iphoneos*]" = "iPhone Developer";
				COPY_PHASE_STRIP = NO;
				DEBUG_INFORMATION_FORMAT = dwarf;
				ENABLE_STRICT_OBJC_MSGSEND = YES;
				ENABLE_TESTABILITY = YES;
				GCC_C_LANGUAGE_STANDARD = gnu99;
				GCC_DYNAMIC_NO_PIC = NO;
				GCC_NO_COMMON_BLOCKS = YES;
				GCC_OPTIMIZATION_LEVEL = 0;
				GCC_PREPROCESSOR_DEFINITIONS = (
					"DEBUG=1",
					"$(inherited)",
				);
				GCC_WARN_64_TO_32_BIT_CONVERSION = YES;
				GCC_WARN_ABOUT_RETURN_TYPE = YES_ERROR;
				GCC_WARN_UNDECLARED_SELECTOR = YES;
				GCC_WARN_UNINITIALIZED_AUTOS = YES_AGGRESSIVE;
				GCC_WARN_UNUSED_FUNCTION = YES;
				GCC_WARN_UNUSED_VARIABLE = YES;
				IPHONEOS_DEPLOYMENT_TARGET = 10.2;
				MTL_ENABLE_DEBUG_INFO = YES;
				ONLY_ACTIVE_ARCH = YES;
				SDKROOT = iphoneos;
				SWIFT_ACTIVE_COMPILATION_CONDITIONS = DEBUG;
				SWIFT_OPTIMIZATION_LEVEL = "-Onone";
			};
			name = Debug;
		};
		CC9DC0D71E9070A6004F4C67 /* Release */ = {
			isa = XCBuildConfiguration;
			buildSettings = {
				ALWAYS_SEARCH_USER_PATHS = NO;
				CLANG_ANALYZER_NONNULL = YES;
				CLANG_CXX_LANGUAGE_STANDARD = "gnu++0x";
				CLANG_CXX_LIBRARY = "libc++";
				CLANG_ENABLE_MODULES = YES;
				CLANG_ENABLE_OBJC_ARC = YES;
				CLANG_WARN_BOOL_CONVERSION = YES;
				CLANG_WARN_CONSTANT_CONVERSION = YES;
				CLANG_WARN_DIRECT_OBJC_ISA_USAGE = YES_ERROR;
				CLANG_WARN_DOCUMENTATION_COMMENTS = YES;
				CLANG_WARN_EMPTY_BODY = YES;
				CLANG_WARN_ENUM_CONVERSION = YES;
				CLANG_WARN_INFINITE_RECURSION = YES;
				CLANG_WARN_INT_CONVERSION = YES;
				CLANG_WARN_OBJC_ROOT_CLASS = YES_ERROR;
				CLANG_WARN_SUSPICIOUS_MOVE = YES;
				CLANG_WARN_UNREACHABLE_CODE = YES;
				CLANG_WARN__DUPLICATE_METHOD_MATCH = YES;
				"CODE_SIGN_IDENTITY[sdk=iphoneos*]" = "iPhone Developer";
				COPY_PHASE_STRIP = NO;
				DEBUG_INFORMATION_FORMAT = "dwarf-with-dsym";
				ENABLE_NS_ASSERTIONS = NO;
				ENABLE_STRICT_OBJC_MSGSEND = YES;
				GCC_C_LANGUAGE_STANDARD = gnu99;
				GCC_NO_COMMON_BLOCKS = YES;
				GCC_WARN_64_TO_32_BIT_CONVERSION = YES;
				GCC_WARN_ABOUT_RETURN_TYPE = YES_ERROR;
				GCC_WARN_UNDECLARED_SELECTOR = YES;
				GCC_WARN_UNINITIALIZED_AUTOS = YES_AGGRESSIVE;
				GCC_WARN_UNUSED_FUNCTION = YES;
				GCC_WARN_UNUSED_VARIABLE = YES;
				IPHONEOS_DEPLOYMENT_TARGET = 10.2;
				MTL_ENABLE_DEBUG_INFO = NO;
				SDKROOT = iphoneos;
				SWIFT_OPTIMIZATION_LEVEL = "-Owholemodule";
				VALIDATE_PRODUCT = YES;
			};
			name = Release;
		};
		CC9DC0D91E9070A6004F4C67 /* Debug */ = {
			isa = XCBuildConfiguration;
			baseConfigurationReference = 51E920D75C1F74E45C358EBD /* Pods-333.debug.xcconfig */;
			buildSettings = {
				ALWAYS_EMBED_SWIFT_STANDARD_LIBRARIES = YES;
				ASSETCATALOG_COMPILER_APPICON_NAME = AppIcon;
				DEVELOPMENT_TEAM = 5M2895QR7G;
				INFOPLIST_FILE = 333/Info.plist;
				IPHONEOS_DEPLOYMENT_TARGET = 8.2;
				LD_RUNPATH_SEARCH_PATHS = "$(inherited) @executable_path/Frameworks";
				PRODUCT_BUNDLE_IDENTIFIER = robin333axiong;
				PRODUCT_NAME = "$(TARGET_NAME)";
				SWIFT_VERSION = 3.0;
			};
			name = Debug;
		};
		CC9DC0DA1E9070A6004F4C67 /* Release */ = {
			isa = XCBuildConfiguration;
			baseConfigurationReference = 97BD0530C8A8A0035013F033 /* Pods-333.release.xcconfig */;
			buildSettings = {
				ALWAYS_EMBED_SWIFT_STANDARD_LIBRARIES = YES;
				ASSETCATALOG_COMPILER_APPICON_NAME = AppIcon;
				DEVELOPMENT_TEAM = 5M2895QR7G;
				INFOPLIST_FILE = 333/Info.plist;
				IPHONEOS_DEPLOYMENT_TARGET = 8.2;
				LD_RUNPATH_SEARCH_PATHS = "$(inherited) @executable_path/Frameworks";
				PRODUCT_BUNDLE_IDENTIFIER = robin333axiong;
				PRODUCT_NAME = "$(TARGET_NAME)";
				SWIFT_VERSION = 3.0;
			};
			name = Release;
		};
		CC9DC0DC1E9070A6004F4C67 /* Debug */ = {
			isa = XCBuildConfiguration;
			buildSettings = {
				ALWAYS_EMBED_SWIFT_STANDARD_LIBRARIES = YES;
				BUNDLE_LOADER = "$(TEST_HOST)";
				DEVELOPMENT_TEAM = D8M8Q37C6Y;
				INFOPLIST_FILE = 333Tests/Info.plist;
				LD_RUNPATH_SEARCH_PATHS = "$(inherited) @executable_path/Frameworks @loader_path/Frameworks";
				PRODUCT_BUNDLE_IDENTIFIER = "-33.-33Tests";
				PRODUCT_NAME = "$(TARGET_NAME)";
				SWIFT_VERSION = 3.0;
				TEST_HOST = "$(BUILT_PRODUCTS_DIR)/333.app/333";
			};
			name = Debug;
		};
		CC9DC0DD1E9070A6004F4C67 /* Release */ = {
			isa = XCBuildConfiguration;
			buildSettings = {
				ALWAYS_EMBED_SWIFT_STANDARD_LIBRARIES = YES;
				BUNDLE_LOADER = "$(TEST_HOST)";
				DEVELOPMENT_TEAM = D8M8Q37C6Y;
				INFOPLIST_FILE = 333Tests/Info.plist;
				LD_RUNPATH_SEARCH_PATHS = "$(inherited) @executable_path/Frameworks @loader_path/Frameworks";
				PRODUCT_BUNDLE_IDENTIFIER = "-33.-33Tests";
				PRODUCT_NAME = "$(TARGET_NAME)";
				SWIFT_VERSION = 3.0;
				TEST_HOST = "$(BUILT_PRODUCTS_DIR)/333.app/333";
			};
			name = Release;
		};
		CC9DC0DF1E9070A6004F4C67 /* Debug */ = {
			isa = XCBuildConfiguration;
			buildSettings = {
				ALWAYS_EMBED_SWIFT_STANDARD_LIBRARIES = YES;
				DEVELOPMENT_TEAM = D8M8Q37C6Y;
				INFOPLIST_FILE = 333UITests/Info.plist;
				LD_RUNPATH_SEARCH_PATHS = "$(inherited) @executable_path/Frameworks @loader_path/Frameworks";
				PRODUCT_BUNDLE_IDENTIFIER = "-33.-33UITests";
				PRODUCT_NAME = "$(TARGET_NAME)";
				SWIFT_VERSION = 3.0;
				TEST_TARGET_NAME = 333;
			};
			name = Debug;
		};
		CC9DC0E01E9070A6004F4C67 /* Release */ = {
			isa = XCBuildConfiguration;
			buildSettings = {
				ALWAYS_EMBED_SWIFT_STANDARD_LIBRARIES = YES;
				DEVELOPMENT_TEAM = D8M8Q37C6Y;
				INFOPLIST_FILE = 333UITests/Info.plist;
				LD_RUNPATH_SEARCH_PATHS = "$(inherited) @executable_path/Frameworks @loader_path/Frameworks";
				PRODUCT_BUNDLE_IDENTIFIER = "-33.-33UITests";
				PRODUCT_NAME = "$(TARGET_NAME)";
				SWIFT_VERSION = 3.0;
				TEST_TARGET_NAME = 333;
			};
			name = Release;
		};
/* End XCBuildConfiguration section */

/* Begin XCConfigurationList section */
		CC9DC0AB1E9070A5004F4C67 /* Build configuration list for PBXProject "333" */ = {
			isa = XCConfigurationList;
			buildConfigurations = (
				CC9DC0D61E9070A6004F4C67 /* Debug */,
				CC9DC0D71E9070A6004F4C67 /* Release */,
			);
			defaultConfigurationIsVisible = 0;
			defaultConfigurationName = Release;
		};
		CC9DC0D81E9070A6004F4C67 /* Build configuration list for PBXNativeTarget "333" */ = {
			isa = XCConfigurationList;
			buildConfigurations = (
				CC9DC0D91E9070A6004F4C67 /* Debug */,
				CC9DC0DA1E9070A6004F4C67 /* Release */,
			);
			defaultConfigurationIsVisible = 0;
			defaultConfigurationName = Release;
		};
		CC9DC0DB1E9070A6004F4C67 /* Build configuration list for PBXNativeTarget "333Tests" */ = {
			isa = XCConfigurationList;
			buildConfigurations = (
				CC9DC0DC1E9070A6004F4C67 /* Debug */,
				CC9DC0DD1E9070A6004F4C67 /* Release */,
			);
			defaultConfigurationIsVisible = 0;
			defaultConfigurationName = Release;
		};
		CC9DC0DE1E9070A6004F4C67 /* Build configuration list for PBXNativeTarget "333UITests" */ = {
			isa = XCConfigurationList;
			buildConfigurations = (
				CC9DC0DF1E9070A6004F4C67 /* Debug */,
				CC9DC0E01E9070A6004F4C67 /* Release */,
			);
			defaultConfigurationIsVisible = 0;
			defaultConfigurationName = Release;
		};
/* End XCConfigurationList section */
	};
	rootObject = CC9DC0A81E9070A5004F4C67 /* Project object */;
}
