<?xml version="1.0" encoding="UTF-8"?>
<!DOCTYPE plist PUBLIC "-//Apple//DTD PLIST 1.0//EN" "http://www.apple.com/DTDs/PropertyList-1.0.dtd">
<plist version="1.0">
<dict>
	<key>archiveVersion</key>
	<string>1</string>
	<key>classes</key>
	<dict/>
	<key>objectVersion</key>
	<string>46</string>
	<key>objects</key>
	<dict>
		<key>0F28F49FEB958B1CC9619381</key>
		<dict>
			<key>fileRef</key>
			<string>B66A31DBCBEDE3A1D13D1625</string>
			<key>isa</key>
			<string>PBXBuildFile</string>
		</dict>
		<key>159E08A6F60017D7DDAE79FC</key>
		<dict>
			<key>children</key>
			<array>
				<string>51E920D75C1F74E45C358EBD</string>
				<string>97BD0530C8A8A0035013F033</string>
			</array>
			<key>isa</key>
			<string>PBXGroup</string>
			<key>name</key>
			<string>Pods</string>
			<key>sourceTree</key>
			<string>&lt;group&gt;</string>
		</dict>
		<key>25E141B3B849096FF7AE01EB</key>
		<dict>
			<key>children</key>
			<array>
				<string>B66A31DBCBEDE3A1D13D1625</string>
			</array>
			<key>isa</key>
			<string>PBXGroup</string>
			<key>name</key>
			<string>Frameworks</string>
			<key>sourceTree</key>
			<string>&lt;group&gt;</string>
		</dict>
		<key>51E920D75C1F74E45C358EBD</key>
		<dict>
			<key>includeInIndex</key>
			<string>1</string>
			<key>isa</key>
			<string>PBXFileReference</string>
			<key>lastKnownFileType</key>
			<string>text.xcconfig</string>
			<key>name</key>
			<string>Pods-333.debug.xcconfig</string>
			<key>path</key>
			<string>Pods/Target Support Files/Pods-333/Pods-333.debug.xcconfig</string>
			<key>sourceTree</key>
			<string>&lt;group&gt;</string>
		</dict>
		<key>63BA81F421A4CFB2D3F56E7B</key>
		<dict>
			<key>buildActionMask</key>
			<string>2147483647</string>
			<key>files</key>
			<array/>
			<key>inputPaths</key>
			<array/>
			<key>isa</key>
			<string>PBXShellScriptBuildPhase</string>
			<key>name</key>
			<string>[CP] Check Pods Manifest.lock</string>
			<key>outputPaths</key>
			<array/>
			<key>runOnlyForDeploymentPostprocessing</key>
			<string>0</string>
			<key>shellPath</key>
			<string>/bin/sh</string>
			<key>shellScript</key>
			<string>diff "${PODS_ROOT}/../Podfile.lock" "${PODS_ROOT}/Manifest.lock" &gt; /dev/null
if [[ $? != 0 ]] ; then
    cat &lt;&lt; EOM
error: The sandbox is not in sync with the Podfile.lock. Run 'pod install' or update your CocoaPods installation.
EOM
    exit 1
fi
</string>
			<key>showEnvVarsInLog</key>
			<string>0</string>
		</dict>
		<key>71164EF31FAEE5471F980A49</key>
		<dict>
			<key>buildActionMask</key>
			<string>2147483647</string>
			<key>files</key>
			<array/>
			<key>inputPaths</key>
			<array/>
			<key>isa</key>
			<string>PBXShellScriptBuildPhase</string>
			<key>name</key>
			<string>[CP] Copy Pods Resources</string>
			<key>outputPaths</key>
			<array/>
			<key>runOnlyForDeploymentPostprocessing</key>
			<string>0</string>
			<key>shellPath</key>
			<string>/bin/sh</string>
			<key>shellScript</key>
			<string>"${SRCROOT}/Pods/Target Support Files/Pods-333/Pods-333-resources.sh"
</string>
			<key>showEnvVarsInLog</key>
			<string>0</string>
		</dict>
		<key>97BD0530C8A8A0035013F033</key>
		<dict>
			<key>includeInIndex</key>
			<string>1</string>
			<key>isa</key>
			<string>PBXFileReference</string>
			<key>lastKnownFileType</key>
			<string>text.xcconfig</string>
			<key>name</key>
			<string>Pods-333.release.xcconfig</string>
			<key>path</key>
			<string>Pods/Target Support Files/Pods-333/Pods-333.release.xcconfig</string>
			<key>sourceTree</key>
			<string>&lt;group&gt;</string>
		</dict>
		<key>B14AFB601EA01437007FA50C</key>
		<dict>
			<key>fileEncoding</key>
			<string>4</string>
			<key>isa</key>
			<string>PBXFileReference</string>
			<key>lastKnownFileType</key>
			<string>sourcecode.swift</string>
			<key>path</key>
			<string>UIColor+Custom.swift</string>
			<key>sourceTree</key>
			<string>&lt;group&gt;</string>
		</dict>
		<key>B14AFB611EA01437007FA50C</key>
		<dict>
			<key>fileRef</key>
			<string>B14AFB601EA01437007FA50C</string>
			<key>isa</key>
			<string>PBXBuildFile</string>
		</dict>
		<key>B1F7CA1D1E9322F500A015D0</key>
		<dict>
			<key>fileEncoding</key>
			<string>4</string>
			<key>isa</key>
			<string>PBXFileReference</string>
			<key>lastKnownFileType</key>
			<string>sourcecode.swift</string>
			<key>path</key>
			<string>ComposeViewController.swift</string>
			<key>sourceTree</key>
			<string>&lt;group&gt;</string>
		</dict>
		<key>B1F7CA1E1E9322F500A015D0</key>
		<dict>
			<key>fileRef</key>
			<string>B1F7CA1D1E9322F500A015D0</string>
			<key>isa</key>
			<string>PBXBuildFile</string>
		</dict>
		<key>B1F7CA1F1E998B5E00A015D0</key>
		<dict>
			<key>fileEncoding</key>
			<string>4</string>
			<key>isa</key>
			<string>PBXFileReference</string>
			<key>lastKnownFileType</key>
			<string>sourcecode.swift</string>
			<key>path</key>
			<string>Networking.swift</string>
			<key>sourceTree</key>
			<string>&lt;group&gt;</string>
		</dict>
		<key>B1F7CA201E998B5E00A015D0</key>
		<dict>
			<key>fileRef</key>
			<string>B1F7CA1F1E998B5E00A015D0</string>
			<key>isa</key>
			<string>PBXBuildFile</string>
		</dict>
		<key>B66A31DBCBEDE3A1D13D1625</key>
		<dict>
			<key>explicitFileType</key>
			<string>wrapper.framework</string>
			<key>includeInIndex</key>
			<string>0</string>
			<key>isa</key>
			<string>PBXFileReference</string>
			<key>path</key>
			<string>Pods_333.framework</string>
			<key>sourceTree</key>
			<string>BUILT_PRODUCTS_DIR</string>
		</dict>
		<key>CC27D3131E97328400589855</key>
		<dict>
			<key>fileEncoding</key>
			<string>4</string>
			<key>isa</key>
			<string>PBXFileReference</string>
			<key>lastKnownFileType</key>
			<string>sourcecode.swift</string>
			<key>path</key>
			<string>PostDetailsViewController.swift</string>
			<key>sourceTree</key>
			<string>&lt;group&gt;</string>
		</dict>
		<key>CC27D3141E97328400589855</key>
		<dict>
			<key>fileRef</key>
			<string>CC27D3131E97328400589855</string>
			<key>isa</key>
			<string>PBXBuildFile</string>
		</dict>
		<key>CC27D3151E973AA300589855</key>
		<dict>
			<key>fileEncoding</key>
			<string>4</string>
			<key>isa</key>
			<string>PBXFileReference</string>
			<key>lastKnownFileType</key>
			<string>sourcecode.swift</string>
			<key>path</key>
			<string>ReplyTableViewCell.swift</string>
			<key>sourceTree</key>
			<string>&lt;group&gt;</string>
		</dict>
		<key>CC27D3161E973AA300589855</key>
		<dict>
			<key>fileRef</key>
			<string>CC27D3151E973AA300589855</string>
			<key>isa</key>
			<string>PBXBuildFile</string>
		</dict>
		<key>CC7CE29D1E9C7D2D00C8A68C</key>
		<dict>
			<key>children</key>
			<array>
				<string>B1F7CA1F1E998B5E00A015D0</string>
			</array>
			<key>isa</key>
			<string>PBXGroup</string>
			<key>name</key>
			<string>Client</string>
			<key>sourceTree</key>
			<string>&lt;group&gt;</string>
		</dict>
		<key>CC9DC0A71E9070A5004F4C67</key>
		<dict>
			<key>children</key>
			<array>
				<string>CC9DC0B21E9070A6004F4C67</string>
				<string>CC9DC0C71E9070A6004F4C67</string>
				<string>CC9DC0D21E9070A6004F4C67</string>
				<string>CC9DC0B11E9070A6004F4C67</string>
				<string>159E08A6F60017D7DDAE79FC</string>
				<string>25E141B3B849096FF7AE01EB</string>
			</array>
			<key>isa</key>
			<string>PBXGroup</string>
			<key>sourceTree</key>
			<string>&lt;group&gt;</string>
		</dict>
		<key>CC9DC0A81E9070A5004F4C67</key>
		<dict>
			<key>attributes</key>
			<dict>
				<key>LastSwiftUpdateCheck</key>
				<string>0820</string>
				<key>LastUpgradeCheck</key>
				<string>0820</string>
				<key>ORGANIZATIONNAME</key>
				<string>333</string>
				<key>TargetAttributes</key>
				<dict>
					<key>CC9DC0AF1E9070A5004F4C67</key>
					<dict>
						<key>CreatedOnToolsVersion</key>
						<string>8.2.1</string>
						<key>DevelopmentTeam</key>
						<string>D8M8Q37C6Y</string>
						<key>LastSwiftMigration</key>
						<string>0820</string>
						<key>ProvisioningStyle</key>
						<string>Automatic</string>
					</dict>
					<key>CC9DC0C31E9070A6004F4C67</key>
					<dict>
						<key>CreatedOnToolsVersion</key>
						<string>8.2.1</string>
						<key>DevelopmentTeam</key>
						<string>D8M8Q37C6Y</string>
						<key>LastSwiftMigration</key>
						<string>0820</string>
						<key>ProvisioningStyle</key>
						<string>Automatic</string>
						<key>TestTargetID</key>
						<string>CC9DC0AF1E9070A5004F4C67</string>
					</dict>
					<key>CC9DC0CE1E9070A6004F4C67</key>
					<dict>
						<key>CreatedOnToolsVersion</key>
						<string>8.2.1</string>
						<key>DevelopmentTeam</key>
						<string>D8M8Q37C6Y</string>
						<key>LastSwiftMigration</key>
						<string>0820</string>
						<key>ProvisioningStyle</key>
						<string>Automatic</string>
						<key>TestTargetID</key>
						<string>CC9DC0AF1E9070A5004F4C67</string>
					</dict>
				</dict>
			</dict>
			<key>buildConfigurationList</key>
			<string>CC9DC0AB1E9070A5004F4C67</string>
			<key>compatibilityVersion</key>
			<string>Xcode 3.2</string>
			<key>developmentRegion</key>
			<string>English</string>
			<key>hasScannedForEncodings</key>
			<string>0</string>
			<key>isa</key>
			<string>PBXProject</string>
			<key>knownRegions</key>
			<array>
				<string>en</string>
				<string>Base</string>
			</array>
			<key>mainGroup</key>
			<string>CC9DC0A71E9070A5004F4C67</string>
			<key>productRefGroup</key>
			<string>CC9DC0B11E9070A6004F4C67</string>
			<key>projectDirPath</key>
			<string></string>
			<key>projectReferences</key>
			<array/>
			<key>projectRoot</key>
			<string></string>
			<key>targets</key>
			<array>
				<string>CC9DC0AF1E9070A5004F4C67</string>
				<string>CC9DC0C31E9070A6004F4C67</string>
				<string>CC9DC0CE1E9070A6004F4C67</string>
			</array>
		</dict>
		<key>CC9DC0AB1E9070A5004F4C67</key>
		<dict>
			<key>buildConfigurations</key>
			<array>
				<string>CC9DC0D61E9070A6004F4C67</string>
				<string>CC9DC0D71E9070A6004F4C67</string>
			</array>
			<key>defaultConfigurationIsVisible</key>
			<string>0</string>
			<key>defaultConfigurationName</key>
			<string>Release</string>
			<key>isa</key>
			<string>XCConfigurationList</string>
		</dict>
		<key>CC9DC0AC1E9070A5004F4C67</key>
		<dict>
			<key>buildActionMask</key>
			<string>2147483647</string>
			<key>files</key>
			<array>
				<string>CC9DC0B61E9070A6004F4C67</string>
				<string>CC9DC0E31E9176BD004F4C67</string>
				<string>CC27D3161E973AA300589855</string>
				<string>B1F7CA201E998B5E00A015D0</string>
				<string>CC27D3141E97328400589855</string>
				<string>CC9DC0E81E917B7D004F4C67</string>
				<string>B1F7CA1E1E9322F500A015D0</string>
				<string>CC9DC0E51E9176C8004F4C67</string>
				<string>B14AFB611EA01437007FA50C</string>
				<string>CC9DC0B41E9070A6004F4C67</string>
			</array>
			<key>isa</key>
			<string>PBXSourcesBuildPhase</string>
			<key>runOnlyForDeploymentPostprocessing</key>
			<string>0</string>
		</dict>
		<key>CC9DC0AD1E9070A5004F4C67</key>
		<dict>
			<key>buildActionMask</key>
			<string>2147483647</string>
			<key>files</key>
			<array>
				<string>0F28F49FEB958B1CC9619381</string>
			</array>
			<key>isa</key>
			<string>PBXFrameworksBuildPhase</string>
			<key>runOnlyForDeploymentPostprocessing</key>
			<string>0</string>
		</dict>
		<key>CC9DC0AE1E9070A5004F4C67</key>
		<dict>
			<key>buildActionMask</key>
			<string>2147483647</string>
			<key>files</key>
			<array>
				<string>CC9DC0BE1E9070A6004F4C67</string>
				<string>CC9DC0BB1E9070A6004F4C67</string>
				<string>CC9DC0B91E9070A6004F4C67</string>
			</array>
			<key>isa</key>
			<string>PBXResourcesBuildPhase</string>
			<key>runOnlyForDeploymentPostprocessing</key>
			<string>0</string>
		</dict>
		<key>CC9DC0AF1E9070A5004F4C67</key>
		<dict>
			<key>buildConfigurationList</key>
			<string>CC9DC0D81E9070A6004F4C67</string>
			<key>buildPhases</key>
			<array>
				<string>63BA81F421A4CFB2D3F56E7B</string>
				<string>CC9DC0AC1E9070A5004F4C67</string>
				<string>CC9DC0AD1E9070A5004F4C67</string>
				<string>CC9DC0AE1E9070A5004F4C67</string>
				<string>DB4727F50D9FD48EB5F35D08</string>
				<string>71164EF31FAEE5471F980A49</string>
			</array>
			<key>buildRules</key>
			<array/>
			<key>dependencies</key>
			<array/>
			<key>isa</key>
			<string>PBXNativeTarget</string>
			<key>name</key>
			<string>333</string>
			<key>productName</key>
			<string>333</string>
			<key>productReference</key>
			<string>CC9DC0B01E9070A6004F4C67</string>
			<key>productType</key>
			<string>com.apple.product-type.application</string>
		</dict>
		<key>CC9DC0B01E9070A6004F4C67</key>
		<dict>
			<key>explicitFileType</key>
			<string>wrapper.application</string>
			<key>includeInIndex</key>
			<string>0</string>
			<key>isa</key>
			<string>PBXFileReference</string>
			<key>path</key>
			<string>333.app</string>
			<key>sourceTree</key>
			<string>BUILT_PRODUCTS_DIR</string>
		</dict>
		<key>CC9DC0B11E9070A6004F4C67</key>
		<dict>
			<key>children</key>
			<array>
				<string>CC9DC0B01E9070A6004F4C67</string>
				<string>CC9DC0C41E9070A6004F4C67</string>
				<string>CC9DC0CF1E9070A6004F4C67</string>
			</array>
			<key>isa</key>
			<string>PBXGroup</string>
			<key>name</key>
			<string>Products</string>
			<key>sourceTree</key>
			<string>&lt;group&gt;</string>
		</dict>
		<key>CC9DC0B21E9070A6004F4C67</key>
		<dict>
			<key>children</key>
			<array>
				<string>CC7CE29D1E9C7D2D00C8A68C</string>
				<string>CC9DC0E61E917B61004F4C67</string>
				<string>CC9DC0E11E9176A7004F4C67</string>
				<string>CC9DC0B31E9070A6004F4C67</string>
				<string>CC9DC0B51E9070A6004F4C67</string>
				<string>CC9DC0B71E9070A6004F4C67</string>
				<string>B14AFB601EA01437007FA50C</string>
				<string>CC9DC0BA1E9070A6004F4C67</string>
				<string>CC9DC0BC1E9070A6004F4C67</string>
				<string>CC9DC0BF1E9070A6004F4C67</string>
			</array>
			<key>isa</key>
			<string>PBXGroup</string>
			<key>path</key>
			<string>333</string>
			<key>sourceTree</key>
			<string>&lt;group&gt;</string>
		</dict>
		<key>CC9DC0B31E9070A6004F4C67</key>
		<dict>
			<key>isa</key>
			<string>PBXFileReference</string>
			<key>lastKnownFileType</key>
			<string>sourcecode.swift</string>
			<key>path</key>
			<string>AppDelegate.swift</string>
			<key>sourceTree</key>
			<string>&lt;group&gt;</string>
		</dict>
		<key>CC9DC0B41E9070A6004F4C67</key>
		<dict>
			<key>fileRef</key>
			<string>CC9DC0B31E9070A6004F4C67</string>
			<key>isa</key>
			<string>PBXBuildFile</string>
		</dict>
		<key>CC9DC0B51E9070A6004F4C67</key>
		<dict>
			<key>isa</key>
			<string>PBXFileReference</string>
			<key>lastKnownFileType</key>
			<string>sourcecode.swift</string>
			<key>path</key>
			<string>ViewController.swift</string>
			<key>sourceTree</key>
			<string>&lt;group&gt;</string>
		</dict>
		<key>CC9DC0B61E9070A6004F4C67</key>
		<dict>
			<key>fileRef</key>
			<string>CC9DC0B51E9070A6004F4C67</string>
			<key>isa</key>
			<string>PBXBuildFile</string>
		</dict>
		<key>CC9DC0B71E9070A6004F4C67</key>
		<dict>
			<key>children</key>
			<array>
				<string>CC9DC0B81E9070A6004F4C67</string>
			</array>
			<key>isa</key>
			<string>PBXVariantGroup</string>
			<key>name</key>
			<string>Main.storyboard</string>
			<key>sourceTree</key>
			<string>&lt;group&gt;</string>
		</dict>
		<key>CC9DC0B81E9070A6004F4C67</key>
		<dict>
			<key>isa</key>
			<string>PBXFileReference</string>
			<key>lastKnownFileType</key>
			<string>file.storyboard</string>
			<key>name</key>
			<string>Base</string>
			<key>path</key>
			<string>Base.lproj/Main.storyboard</string>
			<key>sourceTree</key>
			<string>&lt;group&gt;</string>
		</dict>
		<key>CC9DC0B91E9070A6004F4C67</key>
		<dict>
			<key>fileRef</key>
			<string>CC9DC0B71E9070A6004F4C67</string>
			<key>isa</key>
			<string>PBXBuildFile</string>
		</dict>
		<key>CC9DC0BA1E9070A6004F4C67</key>
		<dict>
			<key>isa</key>
			<string>PBXFileReference</string>
			<key>lastKnownFileType</key>
			<string>folder.assetcatalog</string>
			<key>path</key>
			<string>Assets.xcassets</string>
			<key>sourceTree</key>
			<string>&lt;group&gt;</string>
		</dict>
		<key>CC9DC0BB1E9070A6004F4C67</key>
		<dict>
			<key>fileRef</key>
			<string>CC9DC0BA1E9070A6004F4C67</string>
			<key>isa</key>
			<string>PBXBuildFile</string>
		</dict>
		<key>CC9DC0BC1E9070A6004F4C67</key>
		<dict>
			<key>children</key>
			<array>
				<string>CC9DC0BD1E9070A6004F4C67</string>
			</array>
			<key>isa</key>
			<string>PBXVariantGroup</string>
			<key>name</key>
			<string>LaunchScreen.storyboard</string>
			<key>sourceTree</key>
			<string>&lt;group&gt;</string>
		</dict>
		<key>CC9DC0BD1E9070A6004F4C67</key>
		<dict>
			<key>isa</key>
			<string>PBXFileReference</string>
			<key>lastKnownFileType</key>
			<string>file.storyboard</string>
			<key>name</key>
			<string>Base</string>
			<key>path</key>
			<string>Base.lproj/LaunchScreen.storyboard</string>
			<key>sourceTree</key>
			<string>&lt;group&gt;</string>
		</dict>
		<key>CC9DC0BE1E9070A6004F4C67</key>
		<dict>
			<key>fileRef</key>
			<string>CC9DC0BC1E9070A6004F4C67</string>
			<key>isa</key>
			<string>PBXBuildFile</string>
		</dict>
		<key>CC9DC0BF1E9070A6004F4C67</key>
		<dict>
			<key>isa</key>
			<string>PBXFileReference</string>
			<key>lastKnownFileType</key>
			<string>text.plist.xml</string>
			<key>path</key>
			<string>Info.plist</string>
			<key>sourceTree</key>
			<string>&lt;group&gt;</string>
		</dict>
		<key>CC9DC0C01E9070A6004F4C67</key>
		<dict>
			<key>buildActionMask</key>
			<string>2147483647</string>
			<key>files</key>
			<array>
				<string>CC9DC0C91E9070A6004F4C67</string>
			</array>
			<key>isa</key>
			<string>PBXSourcesBuildPhase</string>
			<key>runOnlyForDeploymentPostprocessing</key>
			<string>0</string>
		</dict>
		<key>CC9DC0C11E9070A6004F4C67</key>
		<dict>
			<key>buildActionMask</key>
			<string>2147483647</string>
			<key>files</key>
			<array/>
			<key>isa</key>
			<string>PBXFrameworksBuildPhase</string>
			<key>runOnlyForDeploymentPostprocessing</key>
			<string>0</string>
		</dict>
		<key>CC9DC0C21E9070A6004F4C67</key>
		<dict>
			<key>buildActionMask</key>
			<string>2147483647</string>
			<key>files</key>
			<array/>
			<key>isa</key>
			<string>PBXResourcesBuildPhase</string>
			<key>runOnlyForDeploymentPostprocessing</key>
			<string>0</string>
		</dict>
		<key>CC9DC0C31E9070A6004F4C67</key>
		<dict>
			<key>buildConfigurationList</key>
			<string>CC9DC0DB1E9070A6004F4C67</string>
			<key>buildPhases</key>
			<array>
				<string>CC9DC0C01E9070A6004F4C67</string>
				<string>CC9DC0C11E9070A6004F4C67</string>
				<string>CC9DC0C21E9070A6004F4C67</string>
			</array>
			<key>buildRules</key>
			<array/>
			<key>dependencies</key>
			<array>
				<string>CC9DC0C61E9070A6004F4C67</string>
			</array>
			<key>isa</key>
			<string>PBXNativeTarget</string>
			<key>name</key>
			<string>333Tests</string>
			<key>productName</key>
			<string>333Tests</string>
			<key>productReference</key>
			<string>CC9DC0C41E9070A6004F4C67</string>
			<key>productType</key>
			<string>com.apple.product-type.bundle.unit-test</string>
		</dict>
		<key>CC9DC0C41E9070A6004F4C67</key>
		<dict>
			<key>explicitFileType</key>
			<string>wrapper.cfbundle</string>
			<key>includeInIndex</key>
			<string>0</string>
			<key>isa</key>
			<string>PBXFileReference</string>
			<key>path</key>
			<string>333Tests.xctest</string>
			<key>sourceTree</key>
			<string>BUILT_PRODUCTS_DIR</string>
		</dict>
		<key>CC9DC0C51E9070A6004F4C67</key>
		<dict>
			<key>containerPortal</key>
			<string>CC9DC0A81E9070A5004F4C67</string>
			<key>isa</key>
			<string>PBXContainerItemProxy</string>
			<key>proxyType</key>
			<string>1</string>
			<key>remoteGlobalIDString</key>
			<string>CC9DC0AF1E9070A5004F4C67</string>
			<key>remoteInfo</key>
			<string>333</string>
		</dict>
		<key>CC9DC0C61E9070A6004F4C67</key>
		<dict>
			<key>isa</key>
			<string>PBXTargetDependency</string>
			<key>target</key>
			<string>CC9DC0AF1E9070A5004F4C67</string>
			<key>targetProxy</key>
			<string>CC9DC0C51E9070A6004F4C67</string>
		</dict>
		<key>CC9DC0C71E9070A6004F4C67</key>
		<dict>
			<key>children</key>
			<array>
				<string>CC9DC0C81E9070A6004F4C67</string>
				<string>CC9DC0CA1E9070A6004F4C67</string>
			</array>
			<key>isa</key>
			<string>PBXGroup</string>
			<key>path</key>
			<string>333Tests</string>
			<key>sourceTree</key>
			<string>&lt;group&gt;</string>
		</dict>
		<key>CC9DC0C81E9070A6004F4C67</key>
		<dict>
			<key>isa</key>
			<string>PBXFileReference</string>
			<key>lastKnownFileType</key>
			<string>sourcecode.swift</string>
			<key>path</key>
			<string>_33Tests.swift</string>
			<key>sourceTree</key>
			<string>&lt;group&gt;</string>
		</dict>
		<key>CC9DC0C91E9070A6004F4C67</key>
		<dict>
			<key>fileRef</key>
			<string>CC9DC0C81E9070A6004F4C67</string>
			<key>isa</key>
			<string>PBXBuildFile</string>
		</dict>
		<key>CC9DC0CA1E9070A6004F4C67</key>
		<dict>
			<key>isa</key>
			<string>PBXFileReference</string>
			<key>lastKnownFileType</key>
			<string>text.plist.xml</string>
			<key>path</key>
			<string>Info.plist</string>
			<key>sourceTree</key>
			<string>&lt;group&gt;</string>
		</dict>
		<key>CC9DC0CB1E9070A6004F4C67</key>
		<dict>
			<key>buildActionMask</key>
			<string>2147483647</string>
			<key>files</key>
			<array>
				<string>CC9DC0D41E9070A6004F4C67</string>
			</array>
			<key>isa</key>
			<string>PBXSourcesBuildPhase</string>
			<key>runOnlyForDeploymentPostprocessing</key>
			<string>0</string>
		</dict>
		<key>CC9DC0CC1E9070A6004F4C67</key>
		<dict>
			<key>buildActionMask</key>
			<string>2147483647</string>
			<key>files</key>
			<array/>
			<key>isa</key>
			<string>PBXFrameworksBuildPhase</string>
			<key>runOnlyForDeploymentPostprocessing</key>
			<string>0</string>
		</dict>
		<key>CC9DC0CD1E9070A6004F4C67</key>
		<dict>
			<key>buildActionMask</key>
			<string>2147483647</string>
			<key>files</key>
			<array/>
			<key>isa</key>
			<string>PBXResourcesBuildPhase</string>
			<key>runOnlyForDeploymentPostprocessing</key>
			<string>0</string>
		</dict>
		<key>CC9DC0CE1E9070A6004F4C67</key>
		<dict>
			<key>buildConfigurationList</key>
			<string>CC9DC0DE1E9070A6004F4C67</string>
			<key>buildPhases</key>
			<array>
				<string>CC9DC0CB1E9070A6004F4C67</string>
				<string>CC9DC0CC1E9070A6004F4C67</string>
				<string>CC9DC0CD1E9070A6004F4C67</string>
			</array>
			<key>buildRules</key>
			<array/>
			<key>dependencies</key>
			<array>
				<string>CC9DC0D11E9070A6004F4C67</string>
			</array>
			<key>isa</key>
			<string>PBXNativeTarget</string>
			<key>name</key>
			<string>333UITests</string>
			<key>productName</key>
			<string>333UITests</string>
			<key>productReference</key>
			<string>CC9DC0CF1E9070A6004F4C67</string>
			<key>productType</key>
			<string>com.apple.product-type.bundle.ui-testing</string>
		</dict>
		<key>CC9DC0CF1E9070A6004F4C67</key>
		<dict>
			<key>explicitFileType</key>
			<string>wrapper.cfbundle</string>
			<key>includeInIndex</key>
			<string>0</string>
			<key>isa</key>
			<string>PBXFileReference</string>
			<key>path</key>
			<string>333UITests.xctest</string>
			<key>sourceTree</key>
			<string>BUILT_PRODUCTS_DIR</string>
		</dict>
		<key>CC9DC0D01E9070A6004F4C67</key>
		<dict>
			<key>containerPortal</key>
			<string>CC9DC0A81E9070A5004F4C67</string>
			<key>isa</key>
			<string>PBXContainerItemProxy</string>
			<key>proxyType</key>
			<string>1</string>
			<key>remoteGlobalIDString</key>
			<string>CC9DC0AF1E9070A5004F4C67</string>
			<key>remoteInfo</key>
			<string>333</string>
		</dict>
		<key>CC9DC0D11E9070A6004F4C67</key>
		<dict>
			<key>isa</key>
			<string>PBXTargetDependency</string>
			<key>target</key>
			<string>CC9DC0AF1E9070A5004F4C67</string>
			<key>targetProxy</key>
			<string>CC9DC0D01E9070A6004F4C67</string>
		</dict>
		<key>CC9DC0D21E9070A6004F4C67</key>
		<dict>
			<key>children</key>
			<array>
				<string>CC9DC0D31E9070A6004F4C67</string>
				<string>CC9DC0D51E9070A6004F4C67</string>
			</array>
			<key>isa</key>
			<string>PBXGroup</string>
			<key>path</key>
			<string>333UITests</string>
			<key>sourceTree</key>
			<string>&lt;group&gt;</string>
		</dict>
		<key>CC9DC0D31E9070A6004F4C67</key>
		<dict>
			<key>isa</key>
			<string>PBXFileReference</string>
			<key>lastKnownFileType</key>
			<string>sourcecode.swift</string>
			<key>path</key>
			<string>_33UITests.swift</string>
			<key>sourceTree</key>
			<string>&lt;group&gt;</string>
		</dict>
		<key>CC9DC0D41E9070A6004F4C67</key>
		<dict>
			<key>fileRef</key>
			<string>CC9DC0D31E9070A6004F4C67</string>
			<key>isa</key>
			<string>PBXBuildFile</string>
		</dict>
		<key>CC9DC0D51E9070A6004F4C67</key>
		<dict>
			<key>isa</key>
			<string>PBXFileReference</string>
			<key>lastKnownFileType</key>
			<string>text.plist.xml</string>
			<key>path</key>
			<string>Info.plist</string>
			<key>sourceTree</key>
			<string>&lt;group&gt;</string>
		</dict>
		<key>CC9DC0D61E9070A6004F4C67</key>
		<dict>
			<key>buildSettings</key>
			<dict>
				<key>ALWAYS_SEARCH_USER_PATHS</key>
				<string>NO</string>
				<key>CLANG_ANALYZER_NONNULL</key>
				<string>YES</string>
				<key>CLANG_CXX_LANGUAGE_STANDARD</key>
				<string>gnu++0x</string>
				<key>CLANG_CXX_LIBRARY</key>
				<string>libc++</string>
				<key>CLANG_ENABLE_MODULES</key>
				<string>YES</string>
				<key>CLANG_ENABLE_OBJC_ARC</key>
				<string>YES</string>
				<key>CLANG_WARN_BOOL_CONVERSION</key>
				<string>YES</string>
				<key>CLANG_WARN_CONSTANT_CONVERSION</key>
				<string>YES</string>
				<key>CLANG_WARN_DIRECT_OBJC_ISA_USAGE</key>
				<string>YES_ERROR</string>
				<key>CLANG_WARN_DOCUMENTATION_COMMENTS</key>
				<string>YES</string>
				<key>CLANG_WARN_EMPTY_BODY</key>
				<string>YES</string>
				<key>CLANG_WARN_ENUM_CONVERSION</key>
				<string>YES</string>
				<key>CLANG_WARN_INFINITE_RECURSION</key>
				<string>YES</string>
				<key>CLANG_WARN_INT_CONVERSION</key>
				<string>YES</string>
				<key>CLANG_WARN_OBJC_ROOT_CLASS</key>
				<string>YES_ERROR</string>
				<key>CLANG_WARN_SUSPICIOUS_MOVE</key>
				<string>YES</string>
				<key>CLANG_WARN_UNREACHABLE_CODE</key>
				<string>YES</string>
				<key>CLANG_WARN__DUPLICATE_METHOD_MATCH</key>
				<string>YES</string>
				<key>CODE_SIGN_IDENTITY[sdk=iphoneos*]</key>
				<string>iPhone Developer</string>
				<key>COPY_PHASE_STRIP</key>
				<string>NO</string>
				<key>DEBUG_INFORMATION_FORMAT</key>
				<string>dwarf</string>
				<key>ENABLE_STRICT_OBJC_MSGSEND</key>
				<string>YES</string>
				<key>ENABLE_TESTABILITY</key>
				<string>YES</string>
				<key>GCC_C_LANGUAGE_STANDARD</key>
				<string>gnu99</string>
				<key>GCC_DYNAMIC_NO_PIC</key>
				<string>NO</string>
				<key>GCC_NO_COMMON_BLOCKS</key>
				<string>YES</string>
				<key>GCC_OPTIMIZATION_LEVEL</key>
				<string>0</string>
				<key>GCC_PREPROCESSOR_DEFINITIONS</key>
				<array>
					<string>DEBUG=1</string>
					<string>$(inherited)</string>
				</array>
				<key>GCC_WARN_64_TO_32_BIT_CONVERSION</key>
				<string>YES</string>
				<key>GCC_WARN_ABOUT_RETURN_TYPE</key>
				<string>YES_ERROR</string>
				<key>GCC_WARN_UNDECLARED_SELECTOR</key>
				<string>YES</string>
				<key>GCC_WARN_UNINITIALIZED_AUTOS</key>
				<string>YES_AGGRESSIVE</string>
				<key>GCC_WARN_UNUSED_FUNCTION</key>
				<string>YES</string>
				<key>GCC_WARN_UNUSED_VARIABLE</key>
				<string>YES</string>
				<key>IPHONEOS_DEPLOYMENT_TARGET</key>
				<string>10.2</string>
				<key>MTL_ENABLE_DEBUG_INFO</key>
				<string>YES</string>
				<key>ONLY_ACTIVE_ARCH</key>
				<string>YES</string>
				<key>SDKROOT</key>
				<string>iphoneos</string>
				<key>SWIFT_ACTIVE_COMPILATION_CONDITIONS</key>
				<string>DEBUG</string>
				<key>SWIFT_OPTIMIZATION_LEVEL</key>
				<string>-Onone</string>
			</dict>
			<key>isa</key>
			<string>XCBuildConfiguration</string>
			<key>name</key>
			<string>Debug</string>
		</dict>
		<key>CC9DC0D71E9070A6004F4C67</key>
		<dict>
			<key>buildSettings</key>
			<dict>
				<key>ALWAYS_SEARCH_USER_PATHS</key>
				<string>NO</string>
				<key>CLANG_ANALYZER_NONNULL</key>
				<string>YES</string>
				<key>CLANG_CXX_LANGUAGE_STANDARD</key>
				<string>gnu++0x</string>
				<key>CLANG_CXX_LIBRARY</key>
				<string>libc++</string>
				<key>CLANG_ENABLE_MODULES</key>
				<string>YES</string>
				<key>CLANG_ENABLE_OBJC_ARC</key>
				<string>YES</string>
				<key>CLANG_WARN_BOOL_CONVERSION</key>
				<string>YES</string>
				<key>CLANG_WARN_CONSTANT_CONVERSION</key>
				<string>YES</string>
				<key>CLANG_WARN_DIRECT_OBJC_ISA_USAGE</key>
				<string>YES_ERROR</string>
				<key>CLANG_WARN_DOCUMENTATION_COMMENTS</key>
				<string>YES</string>
				<key>CLANG_WARN_EMPTY_BODY</key>
				<string>YES</string>
				<key>CLANG_WARN_ENUM_CONVERSION</key>
				<string>YES</string>
				<key>CLANG_WARN_INFINITE_RECURSION</key>
				<string>YES</string>
				<key>CLANG_WARN_INT_CONVERSION</key>
				<string>YES</string>
				<key>CLANG_WARN_OBJC_ROOT_CLASS</key>
				<string>YES_ERROR</string>
				<key>CLANG_WARN_SUSPICIOUS_MOVE</key>
				<string>YES</string>
				<key>CLANG_WARN_UNREACHABLE_CODE</key>
				<string>YES</string>
				<key>CLANG_WARN__DUPLICATE_METHOD_MATCH</key>
				<string>YES</string>
				<key>CODE_SIGN_IDENTITY[sdk=iphoneos*]</key>
				<string>iPhone Developer</string>
				<key>COPY_PHASE_STRIP</key>
				<string>NO</string>
				<key>DEBUG_INFORMATION_FORMAT</key>
				<string>dwarf-with-dsym</string>
				<key>ENABLE_NS_ASSERTIONS</key>
				<string>NO</string>
				<key>ENABLE_STRICT_OBJC_MSGSEND</key>
				<string>YES</string>
				<key>GCC_C_LANGUAGE_STANDARD</key>
				<string>gnu99</string>
				<key>GCC_NO_COMMON_BLOCKS</key>
				<string>YES</string>
				<key>GCC_WARN_64_TO_32_BIT_CONVERSION</key>
				<string>YES</string>
				<key>GCC_WARN_ABOUT_RETURN_TYPE</key>
				<string>YES_ERROR</string>
				<key>GCC_WARN_UNDECLARED_SELECTOR</key>
				<string>YES</string>
				<key>GCC_WARN_UNINITIALIZED_AUTOS</key>
				<string>YES_AGGRESSIVE</string>
				<key>GCC_WARN_UNUSED_FUNCTION</key>
				<string>YES</string>
				<key>GCC_WARN_UNUSED_VARIABLE</key>
				<string>YES</string>
				<key>IPHONEOS_DEPLOYMENT_TARGET</key>
				<string>10.2</string>
				<key>MTL_ENABLE_DEBUG_INFO</key>
				<string>NO</string>
				<key>SDKROOT</key>
				<string>iphoneos</string>
				<key>SWIFT_OPTIMIZATION_LEVEL</key>
				<string>-Owholemodule</string>
				<key>VALIDATE_PRODUCT</key>
				<string>YES</string>
			</dict>
			<key>isa</key>
			<string>XCBuildConfiguration</string>
			<key>name</key>
			<string>Release</string>
		</dict>
		<key>CC9DC0D81E9070A6004F4C67</key>
		<dict>
			<key>buildConfigurations</key>
			<array>
				<string>CC9DC0D91E9070A6004F4C67</string>
				<string>CC9DC0DA1E9070A6004F4C67</string>
			</array>
			<key>defaultConfigurationIsVisible</key>
			<string>0</string>
			<key>defaultConfigurationName</key>
			<string>Release</string>
			<key>isa</key>
			<string>XCConfigurationList</string>
		</dict>
		<key>CC9DC0D91E9070A6004F4C67</key>
		<dict>
			<key>baseConfigurationReference</key>
			<string>51E920D75C1F74E45C358EBD</string>
			<key>buildSettings</key>
			<dict>
				<key>ASSETCATALOG_COMPILER_APPICON_NAME</key>
				<string>AppIcon</string>
				<key>DEVELOPMENT_TEAM</key>
				<string>D8M8Q37C6Y</string>
				<key>INFOPLIST_FILE</key>
				<string>333/Info.plist</string>
				<key>LD_RUNPATH_SEARCH_PATHS</key>
				<string>$(inherited) @executable_path/Frameworks</string>
				<key>PRODUCT_BUNDLE_IDENTIFIER</key>
				<string>-33.-33</string>
				<key>PRODUCT_NAME</key>
				<string>$(TARGET_NAME)</string>
				<key>SWIFT_VERSION</key>
				<string>3.0</string>
			</dict>
			<key>isa</key>
			<string>XCBuildConfiguration</string>
			<key>name</key>
			<string>Debug</string>
		</dict>
		<key>CC9DC0DA1E9070A6004F4C67</key>
		<dict>
			<key>baseConfigurationReference</key>
			<string>97BD0530C8A8A0035013F033</string>
			<key>buildSettings</key>
			<dict>
				<key>ASSETCATALOG_COMPILER_APPICON_NAME</key>
				<string>AppIcon</string>
				<key>DEVELOPMENT_TEAM</key>
				<string>D8M8Q37C6Y</string>
				<key>INFOPLIST_FILE</key>
				<string>333/Info.plist</string>
				<key>LD_RUNPATH_SEARCH_PATHS</key>
				<string>$(inherited) @executable_path/Frameworks</string>
				<key>PRODUCT_BUNDLE_IDENTIFIER</key>
				<string>-33.-33</string>
				<key>PRODUCT_NAME</key>
				<string>$(TARGET_NAME)</string>
				<key>SWIFT_VERSION</key>
				<string>3.0</string>
			</dict>
			<key>isa</key>
			<string>XCBuildConfiguration</string>
			<key>name</key>
			<string>Release</string>
		</dict>
		<key>CC9DC0DB1E9070A6004F4C67</key>
		<dict>
			<key>buildConfigurations</key>
			<array>
				<string>CC9DC0DC1E9070A6004F4C67</string>
				<string>CC9DC0DD1E9070A6004F4C67</string>
			</array>
			<key>defaultConfigurationIsVisible</key>
			<string>0</string>
			<key>defaultConfigurationName</key>
			<string>Release</string>
			<key>isa</key>
			<string>XCConfigurationList</string>
		</dict>
		<key>CC9DC0DC1E9070A6004F4C67</key>
		<dict>
			<key>buildSettings</key>
			<dict>
				<key>ALWAYS_EMBED_SWIFT_STANDARD_LIBRARIES</key>
				<string>YES</string>
				<key>BUNDLE_LOADER</key>
				<string>$(TEST_HOST)</string>
				<key>DEVELOPMENT_TEAM</key>
				<string>D8M8Q37C6Y</string>
				<key>INFOPLIST_FILE</key>
				<string>333Tests/Info.plist</string>
				<key>LD_RUNPATH_SEARCH_PATHS</key>
				<string>$(inherited) @executable_path/Frameworks @loader_path/Frameworks</string>
				<key>PRODUCT_BUNDLE_IDENTIFIER</key>
				<string>-33.-33Tests</string>
				<key>PRODUCT_NAME</key>
				<string>$(TARGET_NAME)</string>
				<key>SWIFT_VERSION</key>
				<string>3.0</string>
				<key>TEST_HOST</key>
				<string>$(BUILT_PRODUCTS_DIR)/333.app/333</string>
			</dict>
			<key>isa</key>
			<string>XCBuildConfiguration</string>
			<key>name</key>
			<string>Debug</string>
		</dict>
		<key>CC9DC0DD1E9070A6004F4C67</key>
		<dict>
			<key>buildSettings</key>
			<dict>
				<key>ALWAYS_EMBED_SWIFT_STANDARD_LIBRARIES</key>
				<string>YES</string>
				<key>BUNDLE_LOADER</key>
				<string>$(TEST_HOST)</string>
				<key>DEVELOPMENT_TEAM</key>
				<string>D8M8Q37C6Y</string>
				<key>INFOPLIST_FILE</key>
				<string>333Tests/Info.plist</string>
				<key>LD_RUNPATH_SEARCH_PATHS</key>
				<string>$(inherited) @executable_path/Frameworks @loader_path/Frameworks</string>
				<key>PRODUCT_BUNDLE_IDENTIFIER</key>
				<string>-33.-33Tests</string>
				<key>PRODUCT_NAME</key>
				<string>$(TARGET_NAME)</string>
				<key>SWIFT_VERSION</key>
				<string>3.0</string>
				<key>TEST_HOST</key>
				<string>$(BUILT_PRODUCTS_DIR)/333.app/333</string>
			</dict>
			<key>isa</key>
			<string>XCBuildConfiguration</string>
			<key>name</key>
			<string>Release</string>
		</dict>
		<key>CC9DC0DE1E9070A6004F4C67</key>
		<dict>
			<key>buildConfigurations</key>
			<array>
				<string>CC9DC0DF1E9070A6004F4C67</string>
				<string>CC9DC0E01E9070A6004F4C67</string>
			</array>
			<key>defaultConfigurationIsVisible</key>
			<string>0</string>
			<key>defaultConfigurationName</key>
			<string>Release</string>
			<key>isa</key>
			<string>XCConfigurationList</string>
		</dict>
		<key>CC9DC0DF1E9070A6004F4C67</key>
		<dict>
			<key>buildSettings</key>
			<dict>
				<key>ALWAYS_EMBED_SWIFT_STANDARD_LIBRARIES</key>
				<string>YES</string>
				<key>DEVELOPMENT_TEAM</key>
				<string>D8M8Q37C6Y</string>
				<key>INFOPLIST_FILE</key>
				<string>333UITests/Info.plist</string>
				<key>LD_RUNPATH_SEARCH_PATHS</key>
				<string>$(inherited) @executable_path/Frameworks @loader_path/Frameworks</string>
				<key>PRODUCT_BUNDLE_IDENTIFIER</key>
				<string>-33.-33UITests</string>
				<key>PRODUCT_NAME</key>
				<string>$(TARGET_NAME)</string>
				<key>SWIFT_VERSION</key>
				<string>3.0</string>
				<key>TEST_TARGET_NAME</key>
				<string>333</string>
			</dict>
			<key>isa</key>
			<string>XCBuildConfiguration</string>
			<key>name</key>
			<string>Debug</string>
		</dict>
		<key>CC9DC0E01E9070A6004F4C67</key>
		<dict>
			<key>buildSettings</key>
			<dict>
				<key>ALWAYS_EMBED_SWIFT_STANDARD_LIBRARIES</key>
				<string>YES</string>
				<key>DEVELOPMENT_TEAM</key>
				<string>D8M8Q37C6Y</string>
				<key>INFOPLIST_FILE</key>
				<string>333UITests/Info.plist</string>
				<key>LD_RUNPATH_SEARCH_PATHS</key>
				<string>$(inherited) @executable_path/Frameworks @loader_path/Frameworks</string>
				<key>PRODUCT_BUNDLE_IDENTIFIER</key>
				<string>-33.-33UITests</string>
				<key>PRODUCT_NAME</key>
				<string>$(TARGET_NAME)</string>
				<key>SWIFT_VERSION</key>
				<string>3.0</string>
				<key>TEST_TARGET_NAME</key>
				<string>333</string>
			</dict>
			<key>isa</key>
			<string>XCBuildConfiguration</string>
			<key>name</key>
			<string>Release</string>
		</dict>
		<key>CC9DC0E11E9176A7004F4C67</key>
		<dict>
			<key>children</key>
			<array>
				<string>CC9DC0E71E917B7D004F4C67</string>
				<string>CC27D3151E973AA300589855</string>
			</array>
			<key>isa</key>
			<string>PBXGroup</string>
			<key>name</key>
			<string>Views</string>
			<key>sourceTree</key>
			<string>&lt;group&gt;</string>
		</dict>
		<key>CC9DC0E21E9176BD004F4C67</key>
		<dict>
			<key>fileEncoding</key>
			<string>4</string>
			<key>isa</key>
			<string>PBXFileReference</string>
			<key>lastKnownFileType</key>
			<string>sourcecode.swift</string>
			<key>path</key>
			<string>FeedViewController.swift</string>
			<key>sourceTree</key>
			<string>&lt;group&gt;</string>
		</dict>
		<key>CC9DC0E31E9176BD004F4C67</key>
		<dict>
			<key>fileRef</key>
			<string>CC9DC0E21E9176BD004F4C67</string>
			<key>isa</key>
			<string>PBXBuildFile</string>
		</dict>
		<key>CC9DC0E41E9176C8004F4C67</key>
		<dict>
			<key>fileEncoding</key>
			<string>4</string>
			<key>isa</key>
			<string>PBXFileReference</string>
			<key>lastKnownFileType</key>
			<string>sourcecode.swift</string>
			<key>path</key>
			<string>ProfileViewController.swift</string>
			<key>sourceTree</key>
			<string>&lt;group&gt;</string>
		</dict>
		<key>CC9DC0E51E9176C8004F4C67</key>
		<dict>
			<key>fileRef</key>
			<string>CC9DC0E41E9176C8004F4C67</string>
			<key>isa</key>
			<string>PBXBuildFile</string>
		</dict>
		<key>CC9DC0E61E917B61004F4C67</key>
		<dict>
			<key>children</key>
			<array>
				<string>CC9DC0E21E9176BD004F4C67</string>
				<string>CC9DC0E41E9176C8004F4C67</string>
				<string>B1F7CA1D1E9322F500A015D0</string>
				<string>CC27D3131E97328400589855</string>
			</array>
			<key>isa</key>
			<string>PBXGroup</string>
			<key>name</key>
			<string>View Controllers</string>
			<key>sourceTree</key>
			<string>&lt;group&gt;</string>
		</dict>
		<key>CC9DC0E71E917B7D004F4C67</key>
		<dict>
			<key>fileEncoding</key>
			<string>4</string>
			<key>isa</key>
			<string>PBXFileReference</string>
			<key>lastKnownFileType</key>
			<string>sourcecode.swift</string>
			<key>path</key>
			<string>PostTableViewCell.swift</string>
			<key>sourceTree</key>
			<string>&lt;group&gt;</string>
		</dict>
		<key>CC9DC0E81E917B7D004F4C67</key>
		<dict>
			<key>fileRef</key>
			<string>CC9DC0E71E917B7D004F4C67</string>
			<key>isa</key>
			<string>PBXBuildFile</string>
		</dict>
		<key>DB4727F50D9FD48EB5F35D08</key>
		<dict>
			<key>buildActionMask</key>
			<string>2147483647</string>
			<key>files</key>
			<array/>
			<key>inputPaths</key>
			<array/>
			<key>isa</key>
			<string>PBXShellScriptBuildPhase</string>
			<key>name</key>
			<string>[CP] Embed Pods Frameworks</string>
			<key>outputPaths</key>
			<array/>
			<key>runOnlyForDeploymentPostprocessing</key>
			<string>0</string>
			<key>shellPath</key>
			<string>/bin/sh</string>
			<key>shellScript</key>
			<string>"${SRCROOT}/Pods/Target Support Files/Pods-333/Pods-333-frameworks.sh"
</string>
			<key>showEnvVarsInLog</key>
			<string>0</string>
		</dict>
	</dict>
	<key>rootObject</key>
	<string>CC9DC0A81E9070A5004F4C67</string>
</dict>
</plist>
